
Microsoft Visual Studio Solution File, Format Version 12.00
Project("{FAE04EC0-301F-11D3-BF4B-00C04F79EFBC}") = "Reactive", "Reactive\Reactive.csproj", "{D0230F06-CBBB-4479-B6EE-B54D78D14D6B}"
EndProject
Project("{FAE04EC0-301F-11D3-BF4B-00C04F79EFBC}") = "Reactive.Compiler", "Reactive.Compiler\Reactive.Compiler.csproj", "{A254E26A-8BB9-4BCF-961A-4ED807F01DCB}"
EndProject
Project("{FAE04EC0-301F-11D3-BF4B-00C04F79EFBC}") = "Reactive.Compiler.Sample", "Reactive.Compiler.Sample\Reactive.Compiler.Sample.csproj", "{59A10833-B28C-4E3A-8CFA-BEA343CC9FA8}"
EndProject
Project("{FAE04EC0-301F-11D3-BF4B-00C04F79EFBC}") = "Reactive.Compiler.Models", "Reactive.Compiler.Models\Reactive.Compiler.Models.csproj", "{70F822D2-42EE-4CF9-BDCD-8BB001E3A123}"
EndProject
Global
	GlobalSection(SolutionConfigurationPlatforms) = preSolution
		Debug|Any CPU = Debug|Any CPU
		Release|Any CPU = Release|Any CPU
	EndGlobalSection
	GlobalSection(ProjectConfigurationPlatforms) = postSolution
		{D0230F06-CBBB-4479-B6EE-B54D78D14D6B}.Debug|Any CPU.ActiveCfg = Debug|Any CPU
		{D0230F06-CBBB-4479-B6EE-B54D78D14D6B}.Debug|Any CPU.Build.0 = Debug|Any CPU
		{D0230F06-CBBB-4479-B6EE-B54D78D14D6B}.Release|Any CPU.ActiveCfg = Release|Any CPU
		{D0230F06-CBBB-4479-B6EE-B54D78D14D6B}.Release|Any CPU.Build.0 = Release|Any CPU
		{A254E26A-8BB9-4BCF-961A-4ED807F01DCB}.Debug|Any CPU.ActiveCfg = Debug|Any CPU
		{A254E26A-8BB9-4BCF-961A-4ED807F01DCB}.Debug|Any CPU.Build.0 = Debug|Any CPU
		{A254E26A-8BB9-4BCF-961A-4ED807F01DCB}.Release|Any CPU.ActiveCfg = Release|Any CPU
		{A254E26A-8BB9-4BCF-961A-4ED807F01DCB}.Release|Any CPU.Build.0 = Release|Any CPU
		{59A10833-B28C-4E3A-8CFA-BEA343CC9FA8}.Debug|Any CPU.ActiveCfg = Debug|Any CPU
		{59A10833-B28C-4E3A-8CFA-BEA343CC9FA8}.Debug|Any CPU.Build.0 = Debug|Any CPU
		{59A10833-B28C-4E3A-8CFA-BEA343CC9FA8}.Release|Any CPU.ActiveCfg = Release|Any CPU
		{59A10833-B28C-4E3A-8CFA-BEA343CC9FA8}.Release|Any CPU.Build.0 = Release|Any CPU
		{70F822D2-42EE-4CF9-BDCD-8BB001E3A123}.Debug|Any CPU.ActiveCfg = Debug|Any CPU
		{70F822D2-42EE-4CF9-BDCD-8BB001E3A123}.Debug|Any CPU.Build.0 = Debug|Any CPU
		{70F822D2-42EE-4CF9-BDCD-8BB001E3A123}.Release|Any CPU.ActiveCfg = Release|Any CPU
		{70F822D2-42EE-4CF9-BDCD-8BB001E3A123}.Release|Any CPU.Build.0 = Release|Any CPU
	EndGlobalSection
EndGlobal
